<?xml version="1.0" encoding="utf-8"?>
<Project ToolsVersion="4.0" xmlns="http://schemas.microsoft.com/developer/msbuild/2003">
  <ItemGroup>
    <Filter Include="Source Files">
      <UniqueIdentifier>{4FC737F1-C7A5-4376-A066-2A32D752A2FF}</UniqueIdentifier>
      <Extensions>cpp;c;cc;cxx;def;odl;idl;hpj;bat;asm;asmx</Extensions>
    </Filter>
    <Filter Include="Header Files">
      <UniqueIdentifier>{93995380-89BD-4b04-88EB-625FBE52EBFB}</UniqueIdentifier>
      <Extensions>h;hh;hpp;hxx;hm;inl;inc;xsd</Extensions>
    </Filter>
    <Filter Include="Resource Files">
      <UniqueIdentifier>{67DA6AB6-F800-4c08-8B7A-83BB121AAD01}</UniqueIdentifier>
      <Extensions>rc;ico;cur;bmp;dlg;rc2;rct;bin;rgs;gif;jpg;jpeg;jpe;resx;tiff;tif;png;wav;mfcribbon-ms</Extensions>
    </Filter>
    <Filter Include="Source Files\graphics">
      <UniqueIdentifier>{7afc305a-6dd6-414c-bbba-88e3a1cff333}</UniqueIdentifier>
    </Filter>
    <Filter Include="Source Files\physics">
      <UniqueIdentifier>{6ec506f4-33f1-4d64-bbd3-84c4467e5101}</UniqueIdentifier>
    </Filter>
    <Filter Include="Source Files\util">
      <UniqueIdentifier>{e9747002-8c76-40b5-9c13-4bc6bb8cc1d6}</UniqueIdentifier>
    </Filter>
    <Filter Include="Resource Files\shaders">
      <UniqueIdentifier>{d82975c5-7300-4223-b0ab-b75e8564bf4f}</UniqueIdentifier>
    </Filter>
  </ItemGroup>
  <ItemGroup>
    <ClCompile Include="main.cpp">
      <Filter>Source Files</Filter>
    </ClCompile>
    <ClCompile Include="window.cpp">
      <Filter>Source Files</Filter>
    </ClCompile>
    <ClCompile Include="engine.cpp">
      <Filter>Source Files</Filter>
    </ClCompile>
    <ClCompile Include="camera.cpp">
      <Filter>Source Files</Filter>
    </ClCompile>
    <ClCompile Include="mesh.cpp">
      <Filter>Source Files\graphics</Filter>
    </ClCompile>
    <ClCompile Include="model.cpp">
      <Filter>Source Files\graphics</Filter>
    </ClCompile>
    <ClCompile Include="renderer.cpp">
      <Filter>Source Files\graphics</Filter>
    </ClCompile>
    <ClCompile Include="shader.cpp">
      <Filter>Source Files\graphics</Filter>
    </ClCompile>
    <ClCompile Include="vertex.cpp">
      <Filter>Source Files\graphics</Filter>
    </ClCompile>
    <ClCompile Include="body.cpp">
      <Filter>Source Files\physics</Filter>
    </ClCompile>
    <ClCompile Include="timer.cpp">
      <Filter>Source Files\util</Filter>
    </ClCompile>
    <ClCompile Include="material.cpp">
      <Filter>Source Files\graphics</Filter>
    </ClCompile>
    <ClCompile Include="airplane.cpp">
      <Filter>Source Files\physics</Filter>
    </ClCompile>
    <ClCompile Include="lodepng.cpp">
      <Filter>Source Files\graphics</Filter>
    </ClCompile>
    <ClCompile Include="vectors.cpp">
      <Filter>Source Files\graphics</Filter>
    </ClCompile>
    <ClCompile Include="font.cpp">
      <Filter>Source Files\graphics</Filter>
    </ClCompile>
    <ClCompile Include="texture.cpp">
      <Filter>Source Files\graphics</Filter>
    </ClCompile>
    <ClCompile Include="texts.cpp">
      <Filter>Source Files\graphics</Filter>
    </ClCompile>
    <ClCompile Include="lookup.cpp">
      <Filter>Source Files</Filter>
    </ClCompile>
    <ClCompile Include="terrain.cpp">
      <Filter>Source Files\graphics</Filter>
    </ClCompile>
    <ClCompile Include="FastNoise.cpp">
      <Filter>Source Files</Filter>
    </ClCompile>
  </ItemGroup>
  <ItemGroup>
    <ClInclude Include="engine.hpp">
      <Filter>Source Files</Filter>
    </ClInclude>
    <ClInclude Include="window.hpp">
      <Filter>Source Files</Filter>
    </ClInclude>
    <ClInclude Include="camera.hpp">
      <Filter>Source Files</Filter>
    </ClInclude>
    <ClInclude Include="mesh.hpp">
      <Filter>Source Files\graphics</Filter>
    </ClInclude>
    <ClInclude Include="model.hpp">
      <Filter>Source Files\graphics</Filter>
    </ClInclude>
    <ClInclude Include="renderer.hpp">
      <Filter>Source Files\graphics</Filter>
    </ClInclude>
    <ClInclude Include="shader.hpp">
      <Filter>Source Files\graphics</Filter>
    </ClInclude>
    <ClInclude Include="texture.hpp">
      <Filter>Source Files\graphics</Filter>
    </ClInclude>
    <ClInclude Include="vertex.hpp">
      <Filter>Source Files\graphics</Filter>
    </ClInclude>
    <ClInclude Include="body.hpp">
      <Filter>Source Files\physics</Filter>
    </ClInclude>
    <ClInclude Include="timer.hpp">
      <Filter>Source Files\util</Filter>
    </ClInclude>
    <ClInclude Include="material.hpp">
      <Filter>Source Files\graphics</Filter>
    </ClInclude>
    <ClInclude Include="airplane.hpp">
      <Filter>Source Files\physics</Filter>
    </ClInclude>
    <ClInclude Include="lodepng.h">
      <Filter>Source Files\graphics</Filter>
    </ClInclude>
    <ClInclude Include="vectors.hpp">
      <Filter>Source Files\graphics</Filter>
    </ClInclude>
    <ClInclude Include="liftdata.hpp">
      <Filter>Source Files\physics</Filter>
    </ClInclude>
    <ClInclude Include="font.hpp">
      <Filter>Source Files\graphics</Filter>
    </ClInclude>
    <ClInclude Include="texts.hpp">
      <Filter>Source Files\graphics</Filter>
    </ClInclude>
    <ClInclude Include="lookup.hpp">
      <Filter>Source Files</Filter>
    </ClInclude>
    <ClInclude Include="terrain.hpp">
      <Filter>Source Files\graphics</Filter>
    </ClInclude>
    <ClInclude Include="FastNoise.h">
      <Filter>Source Files</Filter>
    </ClInclude>
  </ItemGroup>
  <ItemGroup>
    <None Include="..\assets\shaders\inertia.frag">
      <Filter>Resource Files\shaders</Filter>
    </None>
    <None Include="..\assets\shaders\inertia.vert">
      <Filter>Resource Files\shaders</Filter>
    </None>
    <None Include="..\assets\shaders\shader.frag">
      <Filter>Resource Files\shaders</Filter>
    </None>
    <None Include="..\assets\shaders\shader.geom">
      <Filter>Resource Files\shaders</Filter>
    </None>
    <None Include="..\assets\shaders\shader.vert">
      <Filter>Resource Files\shaders</Filter>
    </None>
    <None Include="..\assets\shaders\skybox.frag">
      <Filter>Resource Files\shaders</Filter>
    </None>
    <None Include="..\assets\shaders\skybox.vert">
      <Filter>Resource Files\shaders</Filter>
    </None>
    <None Include="..\assets\shaders\text.frag">
      <Filter>Resource Files\shaders</Filter>
    </None>
    <None Include="..\assets\shaders\text.vert">
      <Filter>Resource Files\shaders</Filter>
    </None>
  </ItemGroup>
</Project>